
Microsoft Visual Studio Solution File, Format Version 12.00
# Visual Studio Version 17
VisualStudioVersion = 17.6.33829.357
MinimumVisualStudioVersion = 10.0.40219.1
Project("{FAE04EC0-301F-11D3-BF4B-00C04F79EFBC}") = "02.DegerveReferansTipler", "02.DegerveReferansTipler.csproj", "{DAFB300F-ED7E-4446-B3BE-26761C45BA08}"
EndProject
Global
	GlobalSection(SolutionConfigurationPlatforms) = preSolution
		Debug|Any CPU = Debug|Any CPU
		Release|Any CPU = Release|Any CPU
	EndGlobalSection
	GlobalSection(ProjectConfigurationPlatforms) = postSolution
		{DAFB300F-ED7E-4446-B3BE-26761C45BA08}.Debug|Any CPU.ActiveCfg = Debug|Any CPU
		{DAFB300F-ED7E-4446-B3BE-26761C45BA08}.Debug|Any CPU.Build.0 = Debug|Any CPU
		{DAFB300F-ED7E-4446-B3BE-26761C45BA08}.Release|Any CPU.ActiveCfg = Release|Any CPU
		{DAFB300F-ED7E-4446-B3BE-26761C45BA08}.Release|Any CPU.Build.0 = Release|Any CPU
	EndGlobalSection
	GlobalSection(SolutionProperties) = preSolution
		HideSolutionNode = FALSE
	EndGlobalSection
	GlobalSection(ExtensibilityGlobals) = postSolution
		SolutionGuid = {117CFC63-00F9-4407-BCE6-506251295620}
	EndGlobalSection
EndGlobal
